%{
  "bunt": {:hex, :bunt, "0.2.0", "951c6e801e8b1d2cbe58ebbd3e616a869061ddadcc4863d0a2182541acae9a38", [:mix], [], "hexpm", "7af5c7e09fe1d40f76c8e4f9dd2be7cebd83909f31fee7cd0e9eadc567da8353"},
  "credo": {:hex, :credo, "1.5.6", "e04cc0fdc236fefbb578e0c04bd01a471081616e741d386909e527ac146016c6", [:mix], [{:bunt, "~> 0.2.0", [hex: :bunt, repo: "hexpm", optional: false]}, {:file_system, "~> 0.2.8", [hex: :file_system, repo: "hexpm", optional: false]}, {:jason, "~> 1.0", [hex: :jason, repo: "hexpm", optional: false]}], "hexpm", "4b52a3e558bd64e30de62a648518a5ea2b6e3e5d2b164ef5296244753fc7eb17"},
  "file_system": {:hex, :file_system, "0.2.10", "fb082005a9cd1711c05b5248710f8826b02d7d1784e7c3451f9c1231d4fc162d", [:mix], [], "hexpm", "41195edbfb562a593726eda3b3e8b103a309b733ad25f3d642ba49696bf715dc"},
  "jason": {:hex, :jason, "1.2.2", "ba43e3f2709fd1aa1dce90aaabfd039d000469c05c56f0b8e31978e03fa39052", [:mix], [{:decimal, "~> 1.0 or ~> 2.0", [hex: :decimal, repo: "hexpm", optional: true]}], "hexpm", "18a228f5f0058ee183f29f9eae0805c6e59d61c3b006760668d8d18ff0d12179"},
  "joken": {:hex, :joken, "2.4.1", "63a6e47aaf735637879f31babfad93c936d63b8b7d01c5ef44c7f37689e71ab4", [:mix], [{:jose, "~> 1.11.2", [hex: :jose, repo: "hexpm", optional: false]}], "hexpm", "d4fc7c703112b2dedc4f9ec214856c3a07108c4835f0f174a369521f289c98d1"},
  "jose": {:hex, :jose, "1.11.2", "f4c018ccf4fdce22c71e44d471f15f723cb3efab5d909ab2ba202b5bf35557b3", [:mix, :rebar3], [], "hexpm", "98143fbc48d55f3a18daba82d34fe48959d44538e9697c08f34200fa5f0947d2"},
  "x509": {:hex, :x509, "0.8.3", "2306b7e9e9dce35cf16a2608c8d85027fa35f37b33c500b775362bbfd388d224", [:mix], [], "hexpm", "101650f2f35de8528878ae9cd449cb2d0cdcd9974733640ef320fad757594684"},
}
